
Microsoft Visual Studio Solution File, Format Version 12.00
# Visual Studio 15
Project("{FAE04EC0-301F-11D3-BF4B-00C04F79EFBC}") = "CityLife", "CityLife\CityLife.csproj", "{60AAE7DC-B9EA-4FB4-ADE4-37AE76C8A547}"
EndProject
Global
	GlobalSection(SolutionConfigurationPlatforms) = preSolution
		Debug|Any CPU = Debug|Any CPU
		Release|Any CPU = Release|Any CPU
	EndGlobalSection
	GlobalSection(ProjectConfigurationPlatforms) = postSolution
		{60AAE7DC-B9EA-4FB4-ADE4-37AE76C8A547}.Debug|Any CPU.ActiveCfg = Debug|Any CPU
		{60AAE7DC-B9EA-4FB4-ADE4-37AE76C8A547}.Debug|Any CPU.Build.0 = Debug|Any CPU
		{60AAE7DC-B9EA-4FB4-ADE4-37AE76C8A547}.Release|Any CPU.ActiveCfg = Release|Any CPU
		{60AAE7DC-B9EA-4FB4-ADE4-37AE76C8A547}.Release|Any CPU.Build.0 = Release|Any CPU
	EndGlobalSection
EndGlobal
